
Microsoft Visual Studio Solution File, Format Version 12.00
# Visual Studio 15
VisualStudioVersion = 15.0.27906.1
MinimumVisualStudioVersion = 10.0.40219.1
Project("{FAE04EC0-301F-11D3-BF4B-00C04F79EFBC}") = "DataForm", "DataForm\DataForm.csproj", "{A72E3A06-6280-4D99-9DD8-59FBDB2E584B}"
EndProject
Project("{C7167F0D-BC9F-4E6E-AFE1-012C56B48DB5}") = "ContactManager-Package", "ContactManager-Package\ContactManager-Package.wapproj", "{A7BDAB9A-4780-4BD2-ACAA-935699A9E21B}"
EndProject
Project("{FAE04EC0-301F-11D3-BF4B-00C04F79EFBC}") = "UWPHead", "UWPHead\UWPHead.csproj", "{A3F6E55A-D07F-48EB-84E6-85531AEBC0D6}"
EndProject
Project("{FAE04EC0-301F-11D3-BF4B-00C04F79EFBC}") = "BackgroundTasks", "BackgroundTasks\BackgroundTasks.csproj", "{D05F3406-6FAA-4A72-9A92-650E86816327}"
EndProject
Project("{FAE04EC0-301F-11D3-BF4B-00C04F79EFBC}") = "TestClient", "TestClient\TestClient.csproj", "{BE3BBF7E-7637-449B-8FA8-574FAFE53CAC}"
EndProject
Global
	GlobalSection(SolutionConfigurationPlatforms) = preSolution
		Debug|Any CPU = Debug|Any CPU
		Debug|ARM = Debug|ARM
		Debug|x64 = Debug|x64
		Debug|x86 = Debug|x86
		Release|Any CPU = Release|Any CPU
		Release|ARM = Release|ARM
		Release|x64 = Release|x64
		Release|x86 = Release|x86
	EndGlobalSection
	GlobalSection(ProjectConfigurationPlatforms) = postSolution
		{A72E3A06-6280-4D99-9DD8-59FBDB2E584B}.Debug|Any CPU.ActiveCfg = Debug|Any CPU
		{A72E3A06-6280-4D99-9DD8-59FBDB2E584B}.Debug|Any CPU.Build.0 = Debug|Any CPU
		{A72E3A06-6280-4D99-9DD8-59FBDB2E584B}.Debug|ARM.ActiveCfg = Debug|Any CPU
		{A72E3A06-6280-4D99-9DD8-59FBDB2E584B}.Debug|ARM.Build.0 = Debug|Any CPU
		{A72E3A06-6280-4D99-9DD8-59FBDB2E584B}.Debug|x64.ActiveCfg = Debug|Any CPU
		{A72E3A06-6280-4D99-9DD8-59FBDB2E584B}.Debug|x64.Build.0 = Debug|Any CPU
		{A72E3A06-6280-4D99-9DD8-59FBDB2E584B}.Debug|x86.ActiveCfg = Debug|Any CPU
		{A72E3A06-6280-4D99-9DD8-59FBDB2E584B}.Debug|x86.Build.0 = Debug|Any CPU
		{A72E3A06-6280-4D99-9DD8-59FBDB2E584B}.Release|Any CPU.ActiveCfg = Release|Any CPU
		{A72E3A06-6280-4D99-9DD8-59FBDB2E584B}.Release|Any CPU.Build.0 = Release|Any CPU
		{A72E3A06-6280-4D99-9DD8-59FBDB2E584B}.Release|ARM.ActiveCfg = Release|Any CPU
		{A72E3A06-6280-4D99-9DD8-59FBDB2E584B}.Release|ARM.Build.0 = Release|Any CPU
		{A72E3A06-6280-4D99-9DD8-59FBDB2E584B}.Release|x64.ActiveCfg = Release|Any CPU
		{A72E3A06-6280-4D99-9DD8-59FBDB2E584B}.Release|x64.Build.0 = Release|Any CPU
		{A72E3A06-6280-4D99-9DD8-59FBDB2E584B}.Release|x86.ActiveCfg = Release|Any CPU
		{A72E3A06-6280-4D99-9DD8-59FBDB2E584B}.Release|x86.Build.0 = Release|Any CPU
		{A7BDAB9A-4780-4BD2-ACAA-935699A9E21B}.Debug|Any CPU.ActiveCfg = Debug|Any CPU
		{A7BDAB9A-4780-4BD2-ACAA-935699A9E21B}.Debug|Any CPU.Build.0 = Debug|Any CPU
		{A7BDAB9A-4780-4BD2-ACAA-935699A9E21B}.Debug|Any CPU.Deploy.0 = Debug|Any CPU
		{A7BDAB9A-4780-4BD2-ACAA-935699A9E21B}.Debug|ARM.ActiveCfg = Debug|Any CPU
		{A7BDAB9A-4780-4BD2-ACAA-935699A9E21B}.Debug|ARM.Build.0 = Debug|Any CPU
		{A7BDAB9A-4780-4BD2-ACAA-935699A9E21B}.Debug|ARM.Deploy.0 = Debug|Any CPU
		{A7BDAB9A-4780-4BD2-ACAA-935699A9E21B}.Debug|x64.ActiveCfg = Debug|x64
		{A7BDAB9A-4780-4BD2-ACAA-935699A9E21B}.Debug|x64.Build.0 = Debug|x64
		{A7BDAB9A-4780-4BD2-ACAA-935699A9E21B}.Debug|x64.Deploy.0 = Debug|x64
		{A7BDAB9A-4780-4BD2-ACAA-935699A9E21B}.Debug|x86.ActiveCfg = Debug|x86
		{A7BDAB9A-4780-4BD2-ACAA-935699A9E21B}.Debug|x86.Build.0 = Debug|x86
		{A7BDAB9A-4780-4BD2-ACAA-935699A9E21B}.Debug|x86.Deploy.0 = Debug|x86
		{A7BDAB9A-4780-4BD2-ACAA-935699A9E21B}.Release|Any CPU.ActiveCfg = Release|Any CPU
		{A7BDAB9A-4780-4BD2-ACAA-935699A9E21B}.Release|Any CPU.Build.0 = Release|Any CPU
		{A7BDAB9A-4780-4BD2-ACAA-935699A9E21B}.Release|Any CPU.Deploy.0 = Release|Any CPU
		{A7BDAB9A-4780-4BD2-ACAA-935699A9E21B}.Release|ARM.ActiveCfg = Release|Any CPU
		{A7BDAB9A-4780-4BD2-ACAA-935699A9E21B}.Release|ARM.Build.0 = Release|Any CPU
		{A7BDAB9A-4780-4BD2-ACAA-935699A9E21B}.Release|ARM.Deploy.0 = Release|Any CPU
		{A7BDAB9A-4780-4BD2-ACAA-935699A9E21B}.Release|x64.ActiveCfg = Release|x64
		{A7BDAB9A-4780-4BD2-ACAA-935699A9E21B}.Release|x64.Build.0 = Release|x64
		{A7BDAB9A-4780-4BD2-ACAA-935699A9E21B}.Release|x64.Deploy.0 = Release|x64
		{A7BDAB9A-4780-4BD2-ACAA-935699A9E21B}.Release|x86.ActiveCfg = Release|x86
		{A7BDAB9A-4780-4BD2-ACAA-935699A9E21B}.Release|x86.Build.0 = Release|x86
		{A7BDAB9A-4780-4BD2-ACAA-935699A9E21B}.Release|x86.Deploy.0 = Release|x86
		{A3F6E55A-D07F-48EB-84E6-85531AEBC0D6}.Debug|Any CPU.ActiveCfg = Debug|x86
		{A3F6E55A-D07F-48EB-84E6-85531AEBC0D6}.Debug|ARM.ActiveCfg = Debug|ARM
		{A3F6E55A-D07F-48EB-84E6-85531AEBC0D6}.Debug|ARM.Build.0 = Debug|ARM
		{A3F6E55A-D07F-48EB-84E6-85531AEBC0D6}.Debug|ARM.Deploy.0 = Debug|ARM
		{A3F6E55A-D07F-48EB-84E6-85531AEBC0D6}.Debug|x64.ActiveCfg = Debug|x64
		{A3F6E55A-D07F-48EB-84E6-85531AEBC0D6}.Debug|x64.Build.0 = Debug|x64
		{A3F6E55A-D07F-48EB-84E6-85531AEBC0D6}.Debug|x64.Deploy.0 = Debug|x64
		{A3F6E55A-D07F-48EB-84E6-85531AEBC0D6}.Debug|x86.ActiveCfg = Debug|x86
		{A3F6E55A-D07F-48EB-84E6-85531AEBC0D6}.Debug|x86.Build.0 = Debug|x86
		{A3F6E55A-D07F-48EB-84E6-85531AEBC0D6}.Release|Any CPU.ActiveCfg = Release|x86
		{A3F6E55A-D07F-48EB-84E6-85531AEBC0D6}.Release|ARM.ActiveCfg = Release|ARM
		{A3F6E55A-D07F-48EB-84E6-85531AEBC0D6}.Release|ARM.Build.0 = Release|ARM
		{A3F6E55A-D07F-48EB-84E6-85531AEBC0D6}.Release|ARM.Deploy.0 = Release|ARM
		{A3F6E55A-D07F-48EB-84E6-85531AEBC0D6}.Release|x64.ActiveCfg = Release|x64
		{A3F6E55A-D07F-48EB-84E6-85531AEBC0D6}.Release|x64.Build.0 = Release|x64
		{A3F6E55A-D07F-48EB-84E6-85531AEBC0D6}.Release|x64.Deploy.0 = Release|x64
		{A3F6E55A-D07F-48EB-84E6-85531AEBC0D6}.Release|x86.ActiveCfg = Release|x86
		{A3F6E55A-D07F-48EB-84E6-85531AEBC0D6}.Release|x86.Build.0 = Release|x86
		{D05F3406-6FAA-4A72-9A92-650E86816327}.Debug|Any CPU.ActiveCfg = Debug|Any CPU
		{D05F3406-6FAA-4A72-9A92-650E86816327}.Debug|Any CPU.Build.0 = Debug|Any CPU
		{D05F3406-6FAA-4A72-9A92-650E86816327}.Debug|ARM.ActiveCfg = Debug|ARM
		{D05F3406-6FAA-4A72-9A92-650E86816327}.Debug|ARM.Build.0 = Debug|ARM
		{D05F3406-6FAA-4A72-9A92-650E86816327}.Debug|x64.ActiveCfg = Debug|x64
		{D05F3406-6FAA-4A72-9A92-650E86816327}.Debug|x64.Build.0 = Debug|x64
		{D05F3406-6FAA-4A72-9A92-650E86816327}.Debug|x86.ActiveCfg = Debug|x86
		{D05F3406-6FAA-4A72-9A92-650E86816327}.Debug|x86.Build.0 = Debug|x86
		{D05F3406-6FAA-4A72-9A92-650E86816327}.Release|Any CPU.ActiveCfg = Release|Any CPU
		{D05F3406-6FAA-4A72-9A92-650E86816327}.Release|Any CPU.Build.0 = Release|Any CPU
		{D05F3406-6FAA-4A72-9A92-650E86816327}.Release|ARM.ActiveCfg = Release|ARM
		{D05F3406-6FAA-4A72-9A92-650E86816327}.Release|ARM.Build.0 = Release|ARM
		{D05F3406-6FAA-4A72-9A92-650E86816327}.Release|x64.ActiveCfg = Release|x64
		{D05F3406-6FAA-4A72-9A92-650E86816327}.Release|x64.Build.0 = Release|x64
		{D05F3406-6FAA-4A72-9A92-650E86816327}.Release|x86.ActiveCfg = Release|x86
		{D05F3406-6FAA-4A72-9A92-650E86816327}.Release|x86.Build.0 = Release|x86
		{BE3BBF7E-7637-449B-8FA8-574FAFE53CAC}.Debug|Any CPU.ActiveCfg = Debug|x86
		{BE3BBF7E-7637-449B-8FA8-574FAFE53CAC}.Debug|ARM.ActiveCfg = Debug|ARM
		{BE3BBF7E-7637-449B-8FA8-574FAFE53CAC}.Debug|ARM.Build.0 = Debug|ARM
		{BE3BBF7E-7637-449B-8FA8-574FAFE53CAC}.Debug|ARM.Deploy.0 = Debug|ARM
		{BE3BBF7E-7637-449B-8FA8-574FAFE53CAC}.Debug|x64.ActiveCfg = Debug|x64
		{BE3BBF7E-7637-449B-8FA8-574FAFE53CAC}.Debug|x64.Build.0 = Debug|x64
		{BE3BBF7E-7637-449B-8FA8-574FAFE53CAC}.Debug|x64.Deploy.0 = Debug|x64
		{BE3BBF7E-7637-449B-8FA8-574FAFE53CAC}.Debug|x86.ActiveCfg = Debug|x86
		{BE3BBF7E-7637-449B-8FA8-574FAFE53CAC}.Debug|x86.Build.0 = Debug|x86
		{BE3BBF7E-7637-449B-8FA8-574FAFE53CAC}.Debug|x86.Deploy.0 = Debug|x86
		{BE3BBF7E-7637-449B-8FA8-574FAFE53CAC}.Release|Any CPU.ActiveCfg = Release|x86
		{BE3BBF7E-7637-449B-8FA8-574FAFE53CAC}.Release|ARM.ActiveCfg = Release|ARM
		{BE3BBF7E-7637-449B-8FA8-574FAFE53CAC}.Release|ARM.Build.0 = Release|ARM
		{BE3BBF7E-7637-449B-8FA8-574FAFE53CAC}.Release|ARM.Deploy.0 = Release|ARM
		{BE3BBF7E-7637-449B-8FA8-574FAFE53CAC}.Release|x64.ActiveCfg = Release|x64
		{BE3BBF7E-7637-449B-8FA8-574FAFE53CAC}.Release|x64.Build.0 = Release|x64
		{BE3BBF7E-7637-449B-8FA8-574FAFE53CAC}.Release|x64.Deploy.0 = Release|x64
		{BE3BBF7E-7637-449B-8FA8-574FAFE53CAC}.Release|x86.ActiveCfg = Release|x86
		{BE3BBF7E-7637-449B-8FA8-574FAFE53CAC}.Release|x86.Build.0 = Release|x86
		{BE3BBF7E-7637-449B-8FA8-574FAFE53CAC}.Release|x86.Deploy.0 = Release|x86
	EndGlobalSection
	GlobalSection(SolutionProperties) = preSolution
		HideSolutionNode = FALSE
	EndGlobalSection
	GlobalSection(ExtensibilityGlobals) = postSolution
		SolutionGuid = {FED1F813-A969-4386-A423-5B2A9F857C75}
	EndGlobalSection
EndGlobal
